
Microsoft Visual Studio Solution File, Format Version 12.00
# Visual Studio Version 16
VisualStudioVersion = 16.0.30907.101
MinimumVisualStudioVersion = 10.0.40219.1
Project("{FAE04EC0-301F-11D3-BF4B-00C04F79EFBC}") = "MemoryStream25Jan", "MemoryStream25Jan\MemoryStream25Jan.csproj", "{A54964A9-3532-439B-A1BC-6B490D055849}"
EndProject
Global
	GlobalSection(SolutionConfigurationPlatforms) = preSolution
		Debug|Any CPU = Debug|Any CPU
		Release|Any CPU = Release|Any CPU
	EndGlobalSection
	GlobalSection(ProjectConfigurationPlatforms) = postSolution
		{A54964A9-3532-439B-A1BC-6B490D055849}.Debug|Any CPU.ActiveCfg = Debug|Any CPU
		{A54964A9-3532-439B-A1BC-6B490D055849}.Debug|Any CPU.Build.0 = Debug|Any CPU
		{A54964A9-3532-439B-A1BC-6B490D055849}.Release|Any CPU.ActiveCfg = Release|Any CPU
		{A54964A9-3532-439B-A1BC-6B490D055849}.Release|Any CPU.Build.0 = Release|Any CPU
	EndGlobalSection
	GlobalSection(SolutionProperties) = preSolution
		HideSolutionNode = FALSE
	EndGlobalSection
	GlobalSection(ExtensibilityGlobals) = postSolution
		SolutionGuid = {64B5F2F6-0B26-4B4A-876F-36CC9BC5245A}
	EndGlobalSection
EndGlobal
